
Microsoft Visual Studio Solution File, Format Version 12.00
# Visual Studio Version 17
VisualStudioVersion = 17.6.33829.357
MinimumVisualStudioVersion = 10.0.40219.1
Project("{9A19103F-16F7-4668-BE54-9A1E7A4F7556}") = "AI Platform API", "AI Platform API\AI Platform API.csproj", "{2EC1E539-BF84-4548-ADB3-312C37E3B96C}"
EndProject
Project("{FAE04EC0-301F-11D3-BF4B-00C04F79EFBC}") = "Sandbox", "TestProject\Sandbox.csproj", "{28C9B1E8-163C-42F7-9C7E-868EB8E6F1FE}"
EndProject
Global
	GlobalSection(SolutionConfigurationPlatforms) = preSolution
		Debug|Any CPU = Debug|Any CPU
		Release|Any CPU = Release|Any CPU
	EndGlobalSection
	GlobalSection(ProjectConfigurationPlatforms) = postSolution
		{2EC1E539-BF84-4548-ADB3-312C37E3B96C}.Debug|Any CPU.ActiveCfg = Debug|Any CPU
		{2EC1E539-BF84-4548-ADB3-312C37E3B96C}.Debug|Any CPU.Build.0 = Debug|Any CPU
		{2EC1E539-BF84-4548-ADB3-312C37E3B96C}.Release|Any CPU.ActiveCfg = Release|Any CPU
		{2EC1E539-BF84-4548-ADB3-312C37E3B96C}.Release|Any CPU.Build.0 = Release|Any CPU
		{28C9B1E8-163C-42F7-9C7E-868EB8E6F1FE}.Debug|Any CPU.ActiveCfg = Debug|Any CPU
		{28C9B1E8-163C-42F7-9C7E-868EB8E6F1FE}.Debug|Any CPU.Build.0 = Debug|Any CPU
		{28C9B1E8-163C-42F7-9C7E-868EB8E6F1FE}.Release|Any CPU.ActiveCfg = Release|Any CPU
		{28C9B1E8-163C-42F7-9C7E-868EB8E6F1FE}.Release|Any CPU.Build.0 = Release|Any CPU
	EndGlobalSection
	GlobalSection(SolutionProperties) = preSolution
		HideSolutionNode = FALSE
	EndGlobalSection
	GlobalSection(ExtensibilityGlobals) = postSolution
		SolutionGuid = {1A368E00-5A8D-4B89-A233-AF2AE2D67335}
	EndGlobalSection
EndGlobal
